// !$*UTF8*$!
{
	archiveVersion = 1;
	classes = {
	};
	objectVersion = 54;
	objects = {

/* Begin PBXBuildFile section */
		24521A9D297FCDF2001CE911 /* AppDelegate.swift in Sources */ = {isa = PBXBuildFile; fileRef = 24521A9C297FCDF2001CE911 /* AppDelegate.swift */; };
		24521A9F297FCDF2001CE911 /* SceneDelegate.swift in Sources */ = {isa = PBXBuildFile; fileRef = 24521A9E297FCDF2001CE911 /* SceneDelegate.swift */; };
		24521AA1297FCDF2001CE911 /* HomeViewController.swift in Sources */ = {isa = PBXBuildFile; fileRef = 24521AA0297FCDF2001CE911 /* HomeViewController.swift */; };
		24521AA4297FCDF2001CE911 /* Main.storyboard in Resources */ = {isa = PBXBuildFile; fileRef = 24521AA2297FCDF2001CE911 /* Main.storyboard */; };
		24521AA6297FCDF4001CE911 /* Assets.xcassets in Resources */ = {isa = PBXBuildFile; fileRef = 24521AA5297FCDF4001CE911 /* Assets.xcassets */; };
		24521AA9297FCDF4001CE911 /* LaunchScreen.storyboard in Resources */ = {isa = PBXBuildFile; fileRef = 24521AA7297FCDF4001CE911 /* LaunchScreen.storyboard */; };
		24521AB6297FCEA7001CE911 /* ExploreViewController.swift in Sources */ = {isa = PBXBuildFile; fileRef = 24521AB5297FCEA7001CE911 /* ExploreViewController.swift */; };
		24521AB8297FCEC7001CE911 /* CameraViewController.swift in Sources */ = {isa = PBXBuildFile; fileRef = 24521AB7297FCEC7001CE911 /* CameraViewController.swift */; };
		24521ABA297FCEE6001CE911 /* NotificationsViewController.swift in Sources */ = {isa = PBXBuildFile; fileRef = 24521AB9297FCEE6001CE911 /* NotificationsViewController.swift */; };
		24521ABC297FCEFF001CE911 /* ProfileViewController.swift in Sources */ = {isa = PBXBuildFile; fileRef = 24521ABB297FCEFF001CE911 /* ProfileViewController.swift */; };
		24521AC1297FCF64001CE911 /* LoginViewController.swift in Sources */ = {isa = PBXBuildFile; fileRef = 24521AC0297FCF64001CE911 /* LoginViewController.swift */; };
		24521AC3297FCFA6001CE911 /* RegistrationViewController.swift in Sources */ = {isa = PBXBuildFile; fileRef = 24521AC2297FCFA6001CE911 /* RegistrationViewController.swift */; };
		24521AC5297FCFF8001CE911 /* PostViewController.swift in Sources */ = {isa = PBXBuildFile; fileRef = 24521AC4297FCFF8001CE911 /* PostViewController.swift */; };
		24521AC7297FD023001CE911 /* EditProfileViewController.swift in Sources */ = {isa = PBXBuildFile; fileRef = 24521AC6297FD023001CE911 /* EditProfileViewController.swift */; };
		24521AC9297FD03C001CE911 /* SettingsViewController.swift in Sources */ = {isa = PBXBuildFile; fileRef = 24521AC8297FD03C001CE911 /* SettingsViewController.swift */; };
		24521ACB297FD059001CE911 /* ListViewController.swift in Sources */ = {isa = PBXBuildFile; fileRef = 24521ACA297FD059001CE911 /* ListViewController.swift */; };
		24521ACD297FD077001CE911 /* SearchViewController.swift in Sources */ = {isa = PBXBuildFile; fileRef = 24521ACC297FD077001CE911 /* SearchViewController.swift */; };
		24521ACF297FD094001CE911 /* SearchResultViewController.swift in Sources */ = {isa = PBXBuildFile; fileRef = 24521ACE297FD094001CE911 /* SearchResultViewController.swift */; };
		24521AD1297FD0C2001CE911 /* PostEditorViewController.swift in Sources */ = {isa = PBXBuildFile; fileRef = 24521AD0297FD0C2001CE911 /* PostEditorViewController.swift */; };
		24521AD3297FD0DE001CE911 /* PublishPostViewController.swift in Sources */ = {isa = PBXBuildFile; fileRef = 24521AD2297FD0DE001CE911 /* PublishPostViewController.swift */; };
		6EAAB9C5B669DFFB39D042FB /* Pods_InstagramApp.framework in Frameworks */ = {isa = PBXBuildFile; fileRef = A6AC43E54ED9D00BAA8A8E0B /* Pods_InstagramApp.framework */; };
/* End PBXBuildFile section */

/* Begin PBXFileReference section */
		24521A99297FCDF2001CE911 /* InstagramApp.app */ = {isa = PBXFileReference; explicitFileType = wrapper.application; includeInIndex = 0; path = InstagramApp.app; sourceTree = BUILT_PRODUCTS_DIR; };
		24521A9C297FCDF2001CE911 /* AppDelegate.swift */ = {isa = PBXFileReference; lastKnownFileType = sourcecode.swift; path = AppDelegate.swift; sourceTree = "<group>"; };
		24521A9E297FCDF2001CE911 /* SceneDelegate.swift */ = {isa = PBXFileReference; lastKnownFileType = sourcecode.swift; path = SceneDelegate.swift; sourceTree = "<group>"; };
		24521AA0297FCDF2001CE911 /* HomeViewController.swift */ = {isa = PBXFileReference; lastKnownFileType = sourcecode.swift; path = HomeViewController.swift; sourceTree = "<group>"; };
		24521AA3297FCDF2001CE911 /* Base */ = {isa = PBXFileReference; lastKnownFileType = file.storyboard; name = Base; path = Base.lproj/Main.storyboard; sourceTree = "<group>"; };
		24521AA5297FCDF4001CE911 /* Assets.xcassets */ = {isa = PBXFileReference; lastKnownFileType = folder.assetcatalog; path = Assets.xcassets; sourceTree = "<group>"; };
		24521AA8297FCDF4001CE911 /* Base */ = {isa = PBXFileReference; lastKnownFileType = file.storyboard; name = Base; path = Base.lproj/LaunchScreen.storyboard; sourceTree = "<group>"; };
		24521AAA297FCDF4001CE911 /* Info.plist */ = {isa = PBXFileReference; lastKnownFileType = text.plist.xml; path = Info.plist; sourceTree = "<group>"; };
		24521AB5297FCEA7001CE911 /* ExploreViewController.swift */ = {isa = PBXFileReference; lastKnownFileType = sourcecode.swift; path = ExploreViewController.swift; sourceTree = "<group>"; };
		24521AB7297FCEC7001CE911 /* CameraViewController.swift */ = {isa = PBXFileReference; lastKnownFileType = sourcecode.swift; path = CameraViewController.swift; sourceTree = "<group>"; };
		24521AB9297FCEE6001CE911 /* NotificationsViewController.swift */ = {isa = PBXFileReference; lastKnownFileType = sourcecode.swift; path = NotificationsViewController.swift; sourceTree = "<group>"; };
		24521ABB297FCEFF001CE911 /* ProfileViewController.swift */ = {isa = PBXFileReference; lastKnownFileType = sourcecode.swift; path = ProfileViewController.swift; sourceTree = "<group>"; };
		24521AC0297FCF64001CE911 /* LoginViewController.swift */ = {isa = PBXFileReference; lastKnownFileType = sourcecode.swift; path = LoginViewController.swift; sourceTree = "<group>"; };
		24521AC2297FCFA6001CE911 /* RegistrationViewController.swift */ = {isa = PBXFileReference; lastKnownFileType = sourcecode.swift; path = RegistrationViewController.swift; sourceTree = "<group>"; };
		24521AC4297FCFF8001CE911 /* PostViewController.swift */ = {isa = PBXFileReference; lastKnownFileType = sourcecode.swift; path = PostViewController.swift; sourceTree = "<group>"; };
		24521AC6297FD023001CE911 /* EditProfileViewController.swift */ = {isa = PBXFileReference; lastKnownFileType = sourcecode.swift; path = EditProfileViewController.swift; sourceTree = "<group>"; };
		24521AC8297FD03C001CE911 /* SettingsViewController.swift */ = {isa = PBXFileReference; lastKnownFileType = sourcecode.swift; path = SettingsViewController.swift; sourceTree = "<group>"; };
		24521ACA297FD059001CE911 /* ListViewController.swift */ = {isa = PBXFileReference; lastKnownFileType = sourcecode.swift; path = ListViewController.swift; sourceTree = "<group>"; };
		24521ACC297FD077001CE911 /* SearchViewController.swift */ = {isa = PBXFileReference; lastKnownFileType = sourcecode.swift; path = SearchViewController.swift; sourceTree = "<group>"; };
		24521ACE297FD094001CE911 /* SearchResultViewController.swift */ = {isa = PBXFileReference; lastKnownFileType = sourcecode.swift; path = SearchResultViewController.swift; sourceTree = "<group>"; };
		24521AD0297FD0C2001CE911 /* PostEditorViewController.swift */ = {isa = PBXFileReference; lastKnownFileType = sourcecode.swift; path = PostEditorViewController.swift; sourceTree = "<group>"; };
		24521AD2297FD0DE001CE911 /* PublishPostViewController.swift */ = {isa = PBXFileReference; lastKnownFileType = sourcecode.swift; path = PublishPostViewController.swift; sourceTree = "<group>"; };
		A6AC43E54ED9D00BAA8A8E0B /* Pods_InstagramApp.framework */ = {isa = PBXFileReference; explicitFileType = wrapper.framework; includeInIndex = 0; path = Pods_InstagramApp.framework; sourceTree = BUILT_PRODUCTS_DIR; };
		E54F690878F5711AC0836F42 /* Pods-InstagramApp.debug.xcconfig */ = {isa = PBXFileReference; includeInIndex = 1; lastKnownFileType = text.xcconfig; name = "Pods-InstagramApp.debug.xcconfig"; path = "Target Support Files/Pods-InstagramApp/Pods-InstagramApp.debug.xcconfig"; sourceTree = "<group>"; };
		F0D317FD7241A45AE716974C /* Pods-InstagramApp.release.xcconfig */ = {isa = PBXFileReference; includeInIndex = 1; lastKnownFileType = text.xcconfig; name = "Pods-InstagramApp.release.xcconfig"; path = "Target Support Files/Pods-InstagramApp/Pods-InstagramApp.release.xcconfig"; sourceTree = "<group>"; };
/* End PBXFileReference section */

/* Begin PBXFrameworksBuildPhase section */
		24521A96297FCDF2001CE911 /* Frameworks */ = {
			isa = PBXFrameworksBuildPhase;
			buildActionMask = 2147483647;
			files = (
				6EAAB9C5B669DFFB39D042FB /* Pods_InstagramApp.framework in Frameworks */,
			);
			runOnlyForDeploymentPostprocessing = 0;
		};
/* End PBXFrameworksBuildPhase section */

/* Begin PBXGroup section */
		24521A90297FCDF1001CE911 = {
			isa = PBXGroup;
			children = (
				24521A9B297FCDF2001CE911 /* InstagramApp */,
				24521A9A297FCDF2001CE911 /* Products */,
				65DB559500CF5BA167030D3B /* Pods */,
				EDD3B26DC033A42CFDD1A84A /* Frameworks */,
			);
			sourceTree = "<group>";
		};
		24521A9A297FCDF2001CE911 /* Products */ = {
			isa = PBXGroup;
			children = (
				24521A99297FCDF2001CE911 /* InstagramApp.app */,
			);
			name = Products;
			sourceTree = "<group>";
		};
		24521A9B297FCDF2001CE911 /* InstagramApp */ = {
			isa = PBXGroup;
			children = (
				24521AB4297FCE2B001CE911 /* Models */,
				24521AB0297FCE00001CE911 /* Views */,
				24521AB2297FCE12001CE911 /* Controllers */,
				24521AB3297FCE1A001CE911 /* Resources */,
				24521AAA297FCDF4001CE911 /* Info.plist */,
			);
			path = InstagramApp;
			sourceTree = "<group>";
		};
		24521AB0297FCE00001CE911 /* Views */ = {
			isa = PBXGroup;
			children = (
				24521AB1297FCE08001CE911 /* Storyboards */,
				24521AA5297FCDF4001CE911 /* Assets.xcassets */,
			);
			path = Views;
			sourceTree = "<group>";
		};
		24521AB1297FCE08001CE911 /* Storyboards */ = {
			isa = PBXGroup;
			children = (
				24521AA2297FCDF2001CE911 /* Main.storyboard */,
				24521AA7297FCDF4001CE911 /* LaunchScreen.storyboard */,
			);
			path = Storyboards;
			sourceTree = "<group>";
		};
		24521AB2297FCE12001CE911 /* Controllers */ = {
			isa = PBXGroup;
			children = (
				24521ABE297FCF46001CE911 /* Other */,
				24521ABD297FCF1E001CE911 /* CoreTabs */,
			);
			path = Controllers;
			sourceTree = "<group>";
		};
		24521AB3297FCE1A001CE911 /* Resources */ = {
			isa = PBXGroup;
			children = (
				24521A9C297FCDF2001CE911 /* AppDelegate.swift */,
				24521A9E297FCDF2001CE911 /* SceneDelegate.swift */,
			);
			path = Resources;
			sourceTree = "<group>";
		};
		24521AB4297FCE2B001CE911 /* Models */ = {
			isa = PBXGroup;
			children = (
			);
			path = Models;
			sourceTree = "<group>";
		};
		24521ABD297FCF1E001CE911 /* CoreTabs */ = {
			isa = PBXGroup;
			children = (
				24521AA0297FCDF2001CE911 /* HomeViewController.swift */,
				24521AB5297FCEA7001CE911 /* ExploreViewController.swift */,
				24521AB7297FCEC7001CE911 /* CameraViewController.swift */,
				24521AB9297FCEE6001CE911 /* NotificationsViewController.swift */,
				24521ABB297FCEFF001CE911 /* ProfileViewController.swift */,
			);
			path = CoreTabs;
			sourceTree = "<group>";
		};
		24521ABE297FCF46001CE911 /* Other */ = {
			isa = PBXGroup;
			children = (
				24521ABF297FCF4B001CE911 /* Onboarding */,
				24521AC4297FCFF8001CE911 /* PostViewController.swift */,
				24521AC6297FD023001CE911 /* EditProfileViewController.swift */,
				24521AC8297FD03C001CE911 /* SettingsViewController.swift */,
				24521ACA297FD059001CE911 /* ListViewController.swift */,
				24521ACC297FD077001CE911 /* SearchViewController.swift */,
				24521ACE297FD094001CE911 /* SearchResultViewController.swift */,
				24521AD0297FD0C2001CE911 /* PostEditorViewController.swift */,
				24521AD2297FD0DE001CE911 /* PublishPostViewController.swift */,
			);
			path = Other;
			sourceTree = "<group>";
		};
		24521ABF297FCF4B001CE911 /* Onboarding */ = {
			isa = PBXGroup;
			children = (
				24521AC0297FCF64001CE911 /* LoginViewController.swift */,
				24521AC2297FCFA6001CE911 /* RegistrationViewController.swift */,
			);
			path = Onboarding;
			sourceTree = "<group>";
		};
		65DB559500CF5BA167030D3B /* Pods */ = {
			isa = PBXGroup;
			children = (
				E54F690878F5711AC0836F42 /* Pods-InstagramApp.debug.xcconfig */,
				F0D317FD7241A45AE716974C /* Pods-InstagramApp.release.xcconfig */,
			);
			name = Pods;
			path = Pods;
			sourceTree = "<group>";
		};
		EDD3B26DC033A42CFDD1A84A /* Frameworks */ = {
			isa = PBXGroup;
			children = (
				A6AC43E54ED9D00BAA8A8E0B /* Pods_InstagramApp.framework */,
			);
			name = Frameworks;
			sourceTree = "<group>";
		};
/* End PBXGroup section */

/* Begin PBXNativeTarget section */
		24521A98297FCDF2001CE911 /* InstagramApp */ = {
			isa = PBXNativeTarget;
			buildConfigurationList = 24521AAD297FCDF4001CE911 /* Build configuration list for PBXNativeTarget "InstagramApp" */;
			buildPhases = (
				B8E14F156764AD1955B09478 /* [CP] Check Pods Manifest.lock */,
				24521A95297FCDF2001CE911 /* Sources */,
				24521A96297FCDF2001CE911 /* Frameworks */,
				24521A97297FCDF2001CE911 /* Resources */,
				D93A206323B4362ECBADC575 /* [CP] Embed Pods Frameworks */,
			);
			buildRules = (
			);
			dependencies = (
			);
			name = InstagramApp;
			productName = InstagramApp;
			productReference = 24521A99297FCDF2001CE911 /* InstagramApp.app */;
			productType = "com.apple.product-type.application";
		};
/* End PBXNativeTarget section */

/* Begin PBXProject section */
		24521A91297FCDF1001CE911 /* Project object */ = {
			isa = PBXProject;
			attributes = {
				BuildIndependentTargetsInParallel = 1;
				LastSwiftUpdateCheck = 1420;
				LastUpgradeCheck = 1420;
				TargetAttributes = {
					24521A98297FCDF2001CE911 = {
						CreatedOnToolsVersion = 14.2;
					};
				};
			};
			buildConfigurationList = 24521A94297FCDF1001CE911 /* Build configuration list for PBXProject "InstagramApp" */;
			compatibilityVersion = "Xcode 12.0";
			developmentRegion = en;
			hasScannedForEncodings = 0;
			knownRegions = (
				en,
				Base,
			);
			mainGroup = 24521A90297FCDF1001CE911;
			productRefGroup = 24521A9A297FCDF2001CE911 /* Products */;
			projectDirPath = "";
			projectRoot = "";
			targets = (
				24521A98297FCDF2001CE911 /* InstagramApp */,
			);
		};
/* End PBXProject section */

/* Begin PBXResourcesBuildPhase section */
		24521A97297FCDF2001CE911 /* Resources */ = {
			isa = PBXResourcesBuildPhase;
			buildActionMask = 2147483647;
			files = (
				24521AA9297FCDF4001CE911 /* LaunchScreen.storyboard in Resources */,
				24521AA6297FCDF4001CE911 /* Assets.xcassets in Resources */,
				24521AA4297FCDF2001CE911 /* Main.storyboard in Resources */,
			);
			runOnlyForDeploymentPostprocessing = 0;
		};
/* End PBXResourcesBuildPhase section */

/* Begin PBXShellScriptBuildPhase section */
		B8E14F156764AD1955B09478 /* [CP] Check Pods Manifest.lock */ = {
			isa = PBXShellScriptBuildPhase;
			buildActionMask = 2147483647;
			files = (
			);
			inputFileListPaths = (
			);
			inputPaths = (
				"${PODS_PODFILE_DIR_PATH}/Podfile.lock",
				"${PODS_ROOT}/Manifest.lock",
			);
			name = "[CP] Check Pods Manifest.lock";
			outputFileListPaths = (
			);
			outputPaths = (
				"$(DERIVED_FILE_DIR)/Pods-InstagramApp-checkManifestLockResult.txt",
			);
			runOnlyForDeploymentPostprocessing = 0;
			shellPath = /bin/sh;
			shellScript = "diff \"${PODS_PODFILE_DIR_PATH}/Podfile.lock\" \"${PODS_ROOT}/Manifest.lock\" > /dev/null\nif [ $? != 0 ] ; then\n    # print error to STDERR\n    echo \"error: The sandbox is not in sync with the Podfile.lock. Run 'pod install' or update your CocoaPods installation.\" >&2\n    exit 1\nfi\n# This output is used by Xcode 'outputs' to avoid re-running this script phase.\necho \"SUCCESS\" > \"${SCRIPT_OUTPUT_FILE_0}\"\n";
			showEnvVarsInLog = 0;
		};
		D93A206323B4362ECBADC575 /* [CP] Embed Pods Frameworks */ = {
			isa = PBXShellScriptBuildPhase;
			buildActionMask = 2147483647;
			files = (
			);
			inputFileListPaths = (
				"${PODS_ROOT}/Target Support Files/Pods-InstagramApp/Pods-InstagramApp-frameworks-${CONFIGURATION}-input-files.xcfilelist",
			);
			name = "[CP] Embed Pods Frameworks";
			outputFileListPaths = (
				"${PODS_ROOT}/Target Support Files/Pods-InstagramApp/Pods-InstagramApp-frameworks-${CONFIGURATION}-output-files.xcfilelist",
			);
			runOnlyForDeploymentPostprocessing = 0;
			shellPath = /bin/sh;
			shellScript = "\"${PODS_ROOT}/Target Support Files/Pods-InstagramApp/Pods-InstagramApp-frameworks.sh\"\n";
			showEnvVarsInLog = 0;
		};
/* End PBXShellScriptBuildPhase section */

/* Begin PBXSourcesBuildPhase section */
		24521A95297FCDF2001CE911 /* Sources */ = {
			isa = PBXSourcesBuildPhase;
			buildActionMask = 2147483647;
			files = (
				24521AC7297FD023001CE911 /* EditProfileViewController.swift in Sources */,
				24521AB6297FCEA7001CE911 /* ExploreViewController.swift in Sources */,
				24521AD3297FD0DE001CE911 /* PublishPostViewController.swift in Sources */,
				24521AB8297FCEC7001CE911 /* CameraViewController.swift in Sources */,
				24521AA1297FCDF2001CE911 /* HomeViewController.swift in Sources */,
				24521AC3297FCFA6001CE911 /* RegistrationViewController.swift in Sources */,
				24521AD1297FD0C2001CE911 /* PostEditorViewController.swift in Sources */,
				24521AC5297FCFF8001CE911 /* PostViewController.swift in Sources */,
				24521ABA297FCEE6001CE911 /* NotificationsViewController.swift in Sources */,
				24521ACF297FD094001CE911 /* SearchResultViewController.swift in Sources */,
				24521AC1297FCF64001CE911 /* LoginViewController.swift in Sources */,
				24521ACD297FD077001CE911 /* SearchViewController.swift in Sources */,
				24521ABC297FCEFF001CE911 /* ProfileViewController.swift in Sources */,
				24521A9D297FCDF2001CE911 /* AppDelegate.swift in Sources */,
				24521A9F297FCDF2001CE911 /* SceneDelegate.swift in Sources */,
				24521ACB297FD059001CE911 /* ListViewController.swift in Sources */,
				24521AC9297FD03C001CE911 /* SettingsViewController.swift in Sources */,
			);
			runOnlyForDeploymentPostprocessing = 0;
		};
/* End PBXSourcesBuildPhase section */

/* Begin PBXVariantGroup section */
		24521AA2297FCDF2001CE911 /* Main.storyboard */ = {
			isa = PBXVariantGroup;
			children = (
				24521AA3297FCDF2001CE911 /* Base */,
			);
			name = Main.storyboard;
			sourceTree = "<group>";
		};
		24521AA7297FCDF4001CE911 /* LaunchScreen.storyboard */ = {
			isa = PBXVariantGroup;
			children = (
				24521AA8297FCDF4001CE911 /* Base */,
			);
			name = LaunchScreen.storyboard;
			sourceTree = "<group>";
		};
/* End PBXVariantGroup section */

/* Begin XCBuildConfiguration section */
		24521AAB297FCDF4001CE911 /* Debug */ = {
			isa = XCBuildConfiguration;
			buildSettings = {
				ALWAYS_SEARCH_USER_PATHS = NO;
				CLANG_ANALYZER_NONNULL = YES;
				CLANG_ANALYZER_NUMBER_OBJECT_CONVERSION = YES_AGGRESSIVE;
				CLANG_CXX_LANGUAGE_STANDARD = "gnu++20";
				CLANG_ENABLE_MODULES = YES;
				CLANG_ENABLE_OBJC_ARC = YES;
				CLANG_ENABLE_OBJC_WEAK = YES;
				CLANG_WARN_BLOCK_CAPTURE_AUTORELEASING = YES;
				CLANG_WARN_BOOL_CONVERSION = YES;
				CLANG_WARN_COMMA = YES;
				CLANG_WARN_CONSTANT_CONVERSION = YES;
				CLANG_WARN_DEPRECATED_OBJC_IMPLEMENTATIONS = YES;
				CLANG_WARN_DIRECT_OBJC_ISA_USAGE = YES_ERROR;
				CLANG_WARN_DOCUMENTATION_COMMENTS = YES;
				CLANG_WARN_EMPTY_BODY = YES;
				CLANG_WARN_ENUM_CONVERSION = YES;
				CLANG_WARN_INFINITE_RECURSION = YES;
				CLANG_WARN_INT_CONVERSION = YES;
				CLANG_WARN_NON_LITERAL_NULL_CONVERSION = YES;
				CLANG_WARN_OBJC_IMPLICIT_RETAIN_SELF = YES;
				CLANG_WARN_OBJC_LITERAL_CONVERSION = YES;
				CLANG_WARN_OBJC_ROOT_CLASS = YES_ERROR;
				CLANG_WARN_QUOTED_INCLUDE_IN_FRAMEWORK_HEADER = YES;
				CLANG_WARN_RANGE_LOOP_ANALYSIS = YES;
				CLANG_WARN_STRICT_PROTOTYPES = YES;
				CLANG_WARN_SUSPICIOUS_MOVE = YES;
				CLANG_WARN_UNGUARDED_AVAILABILITY = YES_AGGRESSIVE;
				CLANG_WARN_UNREACHABLE_CODE = YES;
				CLANG_WARN__DUPLICATE_METHOD_MATCH = YES;
				COPY_PHASE_STRIP = NO;
				DEBUG_INFORMATION_FORMAT = dwarf;
				ENABLE_STRICT_OBJC_MSGSEND = YES;
				ENABLE_TESTABILITY = YES;
				GCC_C_LANGUAGE_STANDARD = gnu11;
				GCC_DYNAMIC_NO_PIC = NO;
				GCC_NO_COMMON_BLOCKS = YES;
				GCC_OPTIMIZATION_LEVEL = 0;
				GCC_PREPROCESSOR_DEFINITIONS = (
					"DEBUG=1",
					"$(inherited)",
				);
				GCC_WARN_64_TO_32_BIT_CONVERSION = YES;
				GCC_WARN_ABOUT_RETURN_TYPE = YES_ERROR;
				GCC_WARN_UNDECLARED_SELECTOR = YES;
				GCC_WARN_UNINITIALIZED_AUTOS = YES_AGGRESSIVE;
				GCC_WARN_UNUSED_FUNCTION = YES;
				GCC_WARN_UNUSED_VARIABLE = YES;
				IPHONEOS_DEPLOYMENT_TARGET = 16.2;
				MTL_ENABLE_DEBUG_INFO = INCLUDE_SOURCE;
				MTL_FAST_MATH = YES;
				ONLY_ACTIVE_ARCH = YES;
				SDKROOT = iphoneos;
				SWIFT_ACTIVE_COMPILATION_CONDITIONS = DEBUG;
				SWIFT_OPTIMIZATION_LEVEL = "-Onone";
			};
			name = Debug;
		};
		24521AAC297FCDF4001CE911 /* Release */ = {
			isa = XCBuildConfiguration;
			buildSettings = {
				ALWAYS_SEARCH_USER_PATHS = NO;
				CLANG_ANALYZER_NONNULL = YES;
				CLANG_ANALYZER_NUMBER_OBJECT_CONVERSION = YES_AGGRESSIVE;
				CLANG_CXX_LANGUAGE_STANDARD = "gnu++20";
				CLANG_ENABLE_MODULES = YES;
				CLANG_ENABLE_OBJC_ARC = YES;
				CLANG_ENABLE_OBJC_WEAK = YES;
				CLANG_WARN_BLOCK_CAPTURE_AUTORELEASING = YES;
				CLANG_WARN_BOOL_CONVERSION = YES;
				CLANG_WARN_COMMA = YES;
				CLANG_WARN_CONSTANT_CONVERSION = YES;
				CLANG_WARN_DEPRECATED_OBJC_IMPLEMENTATIONS = YES;
				CLANG_WARN_DIRECT_OBJC_ISA_USAGE = YES_ERROR;
				CLANG_WARN_DOCUMENTATION_COMMENTS = YES;
				CLANG_WARN_EMPTY_BODY = YES;
				CLANG_WARN_ENUM_CONVERSION = YES;
				CLANG_WARN_INFINITE_RECURSION = YES;
				CLANG_WARN_INT_CONVERSION = YES;
				CLANG_WARN_NON_LITERAL_NULL_CONVERSION = YES;
				CLANG_WARN_OBJC_IMPLICIT_RETAIN_SELF = YES;
				CLANG_WARN_OBJC_LITERAL_CONVERSION = YES;
				CLANG_WARN_OBJC_ROOT_CLASS = YES_ERROR;
				CLANG_WARN_QUOTED_INCLUDE_IN_FRAMEWORK_HEADER = YES;
				CLANG_WARN_RANGE_LOOP_ANALYSIS = YES;
				CLANG_WARN_STRICT_PROTOTYPES = YES;
				CLANG_WARN_SUSPICIOUS_MOVE = YES;
				CLANG_WARN_UNGUARDED_AVAILABILITY = YES_AGGRESSIVE;
				CLANG_WARN_UNREACHABLE_CODE = YES;
				CLANG_WARN__DUPLICATE_METHOD_MATCH = YES;
				COPY_PHASE_STRIP = NO;
				DEBUG_INFORMATION_FORMAT = "dwarf-with-dsym";
				ENABLE_NS_ASSERTIONS = NO;
				ENABLE_STRICT_OBJC_MSGSEND = YES;
				GCC_C_LANGUAGE_STANDARD = gnu11;
				GCC_NO_COMMON_BLOCKS = YES;
				GCC_WARN_64_TO_32_BIT_CONVERSION = YES;
				GCC_WARN_ABOUT_RETURN_TYPE = YES_ERROR;
				GCC_WARN_UNDECLARED_SELECTOR = YES;
				GCC_WARN_UNINITIALIZED_AUTOS = YES_AGGRESSIVE;
				GCC_WARN_UNUSED_FUNCTION = YES;
				GCC_WARN_UNUSED_VARIABLE = YES;
				IPHONEOS_DEPLOYMENT_TARGET = 16.2;
				MTL_ENABLE_DEBUG_INFO = NO;
				MTL_FAST_MATH = YES;
				SDKROOT = iphoneos;
				SWIFT_COMPILATION_MODE = wholemodule;
				SWIFT_OPTIMIZATION_LEVEL = "-O";
				VALIDATE_PRODUCT = YES;
			};
			name = Release;
		};
		24521AAE297FCDF4001CE911 /* Debug */ = {
			isa = XCBuildConfiguration;
			baseConfigurationReference = E54F690878F5711AC0836F42 /* Pods-InstagramApp.debug.xcconfig */;
			buildSettings = {
				ASSETCATALOG_COMPILER_APPICON_NAME = AppIcon;
				ASSETCATALOG_COMPILER_GLOBAL_ACCENT_COLOR_NAME = AccentColor;
				CODE_SIGN_STYLE = Automatic;
				CURRENT_PROJECT_VERSION = 1;
				DEVELOPMENT_TEAM = XCH2RB676X;
				GENERATE_INFOPLIST_FILE = YES;
				INFOPLIST_FILE = InstagramApp/Info.plist;
				INFOPLIST_KEY_UIApplicationSupportsIndirectInputEvents = YES;
				INFOPLIST_KEY_UILaunchStoryboardName = LaunchScreen;
				INFOPLIST_KEY_UIMainStoryboardFile = Main;
				INFOPLIST_KEY_UISupportedInterfaceOrientations_iPad = "UIInterfaceOrientationPortrait UIInterfaceOrientationPortraitUpsideDown UIInterfaceOrientationLandscapeLeft UIInterfaceOrientationLandscapeRight";
				INFOPLIST_KEY_UISupportedInterfaceOrientations_iPhone = "UIInterfaceOrientationPortrait UIInterfaceOrientationLandscapeLeft UIInterfaceOrientationLandscapeRight";
				IPHONEOS_DEPLOYMENT_TARGET = 15.0;
				LD_RUNPATH_SEARCH_PATHS = (
					"$(inherited)",
					"@executable_path/Frameworks",
				);
				MARKETING_VERSION = 1.0;
				PRODUCT_BUNDLE_IDENTIFIER = com.komnenovicbalsa.InstagramApp;
				PRODUCT_NAME = "$(TARGET_NAME)";
				SWIFT_EMIT_LOC_STRINGS = YES;
				SWIFT_VERSION = 5.0;
				TARGETED_DEVICE_FAMILY = "1,2";
			};
			name = Debug;
		};
		24521AAF297FCDF4001CE911 /* Release */ = {
			isa = XCBuildConfiguration;
			baseConfigurationReference = F0D317FD7241A45AE716974C /* Pods-InstagramApp.release.xcconfig */;
			buildSettings = {
				ASSETCATALOG_COMPILER_APPICON_NAME = AppIcon;
				ASSETCATALOG_COMPILER_GLOBAL_ACCENT_COLOR_NAME = AccentColor;
				CODE_SIGN_STYLE = Automatic;
				CURRENT_PROJECT_VERSION = 1;
				DEVELOPMENT_TEAM = XCH2RB676X;
				GENERATE_INFOPLIST_FILE = YES;
				INFOPLIST_FILE = InstagramApp/Info.plist;
				INFOPLIST_KEY_UIApplicationSupportsIndirectInputEvents = YES;
				INFOPLIST_KEY_UILaunchStoryboardName = LaunchScreen;
				INFOPLIST_KEY_UIMainStoryboardFile = Main;
				INFOPLIST_KEY_UISupportedInterfaceOrientations_iPad = "UIInterfaceOrientationPortrait UIInterfaceOrientationPortraitUpsideDown UIInterfaceOrientationLandscapeLeft UIInterfaceOrientationLandscapeRight";
				INFOPLIST_KEY_UISupportedInterfaceOrientations_iPhone = "UIInterfaceOrientationPortrait UIInterfaceOrientationLandscapeLeft UIInterfaceOrientationLandscapeRight";
				IPHONEOS_DEPLOYMENT_TARGET = 15.0;
				LD_RUNPATH_SEARCH_PATHS = (
					"$(inherited)",
					"@executable_path/Frameworks",
				);
				MARKETING_VERSION = 1.0;
				PRODUCT_BUNDLE_IDENTIFIER = com.komnenovicbalsa.InstagramApp;
				PRODUCT_NAME = "$(TARGET_NAME)";
				SWIFT_EMIT_LOC_STRINGS = YES;
				SWIFT_VERSION = 5.0;
				TARGETED_DEVICE_FAMILY = "1,2";
			};
			name = Release;
		};
/* End XCBuildConfiguration section */

/* Begin XCConfigurationList section */
		24521A94297FCDF1001CE911 /* Build configuration list for PBXProject "InstagramApp" */ = {
			isa = XCConfigurationList;
			buildConfigurations = (
				24521AAB297FCDF4001CE911 /* Debug */,
				24521AAC297FCDF4001CE911 /* Release */,
			);
			defaultConfigurationIsVisible = 0;
			defaultConfigurationName = Release;
		};
		24521AAD297FCDF4001CE911 /* Build configuration list for PBXNativeTarget "InstagramApp" */ = {
			isa = XCConfigurationList;
			buildConfigurations = (
				24521AAE297FCDF4001CE911 /* Debug */,
				24521AAF297FCDF4001CE911 /* Release */,
			);
			defaultConfigurationIsVisible = 0;
			defaultConfigurationName = Release;
		};
/* End XCConfigurationList section */
	};
	rootObject = 24521A91297FCDF1001CE911 /* Project object */;
}
